
Microsoft Visual Studio Solution File, Format Version 12.00
# Visual Studio Version 16
VisualStudioVersion = 16.0.29411.108
MinimumVisualStudioVersion = 10.0.40219.1
Project("{FAE04EC0-301F-11D3-BF4B-00C04F79EFBC}") = "LAB.7", "LAB.7\LAB.7.csproj", "{953EB3D9-014F-455A-A97D-EB0070BD5C6A}"
EndProject
Global
	GlobalSection(SolutionConfigurationPlatforms) = preSolution
		Debug|Any CPU = Debug|Any CPU
		Release|Any CPU = Release|Any CPU
	EndGlobalSection
	GlobalSection(ProjectConfigurationPlatforms) = postSolution
		{953EB3D9-014F-455A-A97D-EB0070BD5C6A}.Debug|Any CPU.ActiveCfg = Debug|Any CPU
		{953EB3D9-014F-455A-A97D-EB0070BD5C6A}.Debug|Any CPU.Build.0 = Debug|Any CPU
		{953EB3D9-014F-455A-A97D-EB0070BD5C6A}.Release|Any CPU.ActiveCfg = Release|Any CPU
		{953EB3D9-014F-455A-A97D-EB0070BD5C6A}.Release|Any CPU.Build.0 = Release|Any CPU
	EndGlobalSection
	GlobalSection(SolutionProperties) = preSolution
		HideSolutionNode = FALSE
	EndGlobalSection
	GlobalSection(ExtensibilityGlobals) = postSolution
		SolutionGuid = {F2DCCD5F-9DAB-414D-BB00-BBC4D8F77124}
	EndGlobalSection
EndGlobal
