
Microsoft Visual Studio Solution File, Format Version 12.00
# Visual Studio Version 16
VisualStudioVersion = 16.0.29411.108
MinimumVisualStudioVersion = 10.0.40219.1
Project("{FAE04EC0-301F-11D3-BF4B-00C04F79EFBC}") = "L3-2", "L3-2\L3-2.csproj", "{9F628591-8B4C-4D7E-97A2-42631551217E}"
EndProject
Global
	GlobalSection(SolutionConfigurationPlatforms) = preSolution
		Debug|Any CPU = Debug|Any CPU
		Release|Any CPU = Release|Any CPU
	EndGlobalSection
	GlobalSection(ProjectConfigurationPlatforms) = postSolution
		{9F628591-8B4C-4D7E-97A2-42631551217E}.Debug|Any CPU.ActiveCfg = Debug|Any CPU
		{9F628591-8B4C-4D7E-97A2-42631551217E}.Debug|Any CPU.Build.0 = Debug|Any CPU
		{9F628591-8B4C-4D7E-97A2-42631551217E}.Release|Any CPU.ActiveCfg = Release|Any CPU
		{9F628591-8B4C-4D7E-97A2-42631551217E}.Release|Any CPU.Build.0 = Release|Any CPU
	EndGlobalSection
	GlobalSection(SolutionProperties) = preSolution
		HideSolutionNode = FALSE
	EndGlobalSection
	GlobalSection(ExtensibilityGlobals) = postSolution
		SolutionGuid = {1B758A75-06F4-42BE-8779-76F670D55580}
	EndGlobalSection
EndGlobal
