
Microsoft Visual Studio Solution File, Format Version 12.00
# Visual Studio Version 16
VisualStudioVersion = 16.0.29411.108
MinimumVisualStudioVersion = 10.0.40219.1
Project("{FAE04EC0-301F-11D3-BF4B-00C04F79EFBC}") = "LAB.6-2", "LAB.6-2\LAB.6-2.csproj", "{029DF57F-1DB6-4097-B6A7-A18A0A0C2888}"
EndProject
Global
	GlobalSection(SolutionConfigurationPlatforms) = preSolution
		Debug|Any CPU = Debug|Any CPU
		Release|Any CPU = Release|Any CPU
	EndGlobalSection
	GlobalSection(ProjectConfigurationPlatforms) = postSolution
		{029DF57F-1DB6-4097-B6A7-A18A0A0C2888}.Debug|Any CPU.ActiveCfg = Debug|Any CPU
		{029DF57F-1DB6-4097-B6A7-A18A0A0C2888}.Debug|Any CPU.Build.0 = Debug|Any CPU
		{029DF57F-1DB6-4097-B6A7-A18A0A0C2888}.Release|Any CPU.ActiveCfg = Release|Any CPU
		{029DF57F-1DB6-4097-B6A7-A18A0A0C2888}.Release|Any CPU.Build.0 = Release|Any CPU
	EndGlobalSection
	GlobalSection(SolutionProperties) = preSolution
		HideSolutionNode = FALSE
	EndGlobalSection
	GlobalSection(ExtensibilityGlobals) = postSolution
		SolutionGuid = {AE35F2B2-3F36-4833-A51A-9B2E1A10CA52}
	EndGlobalSection
EndGlobal
