
Microsoft Visual Studio Solution File, Format Version 12.00
# Visual Studio Version 16
VisualStudioVersion = 16.0.29411.108
MinimumVisualStudioVersion = 10.0.40219.1
Project("{FAE04EC0-301F-11D3-BF4B-00C04F79EFBC}") = "LAB.9-1", "LAB.9-1\LAB.9-1.csproj", "{C5413DD6-A0F8-45EE-88C4-27B1A1ACFB56}"
EndProject
Global
	GlobalSection(SolutionConfigurationPlatforms) = preSolution
		Debug|Any CPU = Debug|Any CPU
		Release|Any CPU = Release|Any CPU
	EndGlobalSection
	GlobalSection(ProjectConfigurationPlatforms) = postSolution
		{C5413DD6-A0F8-45EE-88C4-27B1A1ACFB56}.Debug|Any CPU.ActiveCfg = Debug|Any CPU
		{C5413DD6-A0F8-45EE-88C4-27B1A1ACFB56}.Debug|Any CPU.Build.0 = Debug|Any CPU
		{C5413DD6-A0F8-45EE-88C4-27B1A1ACFB56}.Release|Any CPU.ActiveCfg = Release|Any CPU
		{C5413DD6-A0F8-45EE-88C4-27B1A1ACFB56}.Release|Any CPU.Build.0 = Release|Any CPU
	EndGlobalSection
	GlobalSection(SolutionProperties) = preSolution
		HideSolutionNode = FALSE
	EndGlobalSection
	GlobalSection(ExtensibilityGlobals) = postSolution
		SolutionGuid = {AA714767-1151-4540-80DE-223ECB801CDC}
	EndGlobalSection
EndGlobal
