
Microsoft Visual Studio Solution File, Format Version 12.00
# Visual Studio Version 16
VisualStudioVersion = 16.0.29411.108
MinimumVisualStudioVersion = 10.0.40219.1
Project("{FAE04EC0-301F-11D3-BF4B-00C04F79EFBC}") = "LAB.8-1", "LAB.8-1\LAB.8-1.csproj", "{20B8F3EB-04F3-4355-A045-533CB253D230}"
EndProject
Global
	GlobalSection(SolutionConfigurationPlatforms) = preSolution
		Debug|Any CPU = Debug|Any CPU
		Release|Any CPU = Release|Any CPU
	EndGlobalSection
	GlobalSection(ProjectConfigurationPlatforms) = postSolution
		{20B8F3EB-04F3-4355-A045-533CB253D230}.Debug|Any CPU.ActiveCfg = Debug|Any CPU
		{20B8F3EB-04F3-4355-A045-533CB253D230}.Debug|Any CPU.Build.0 = Debug|Any CPU
		{20B8F3EB-04F3-4355-A045-533CB253D230}.Release|Any CPU.ActiveCfg = Release|Any CPU
		{20B8F3EB-04F3-4355-A045-533CB253D230}.Release|Any CPU.Build.0 = Release|Any CPU
	EndGlobalSection
	GlobalSection(SolutionProperties) = preSolution
		HideSolutionNode = FALSE
	EndGlobalSection
	GlobalSection(ExtensibilityGlobals) = postSolution
		SolutionGuid = {2F5CFD09-BF81-4633-B82A-B776F0578E25}
	EndGlobalSection
EndGlobal
